
Microsoft Visual Studio Solution File, Format Version 12.00
# Visual Studio Version 16
VisualStudioVersion = 16.0.30517.126
MinimumVisualStudioVersion = 10.0.40219.1
Project("{FAE04EC0-301F-11D3-BF4B-00C04F79EFBC}") = "BazaDannix.Android", "BazaDannix\BazaDannix.Android\BazaDannix.Android.csproj", "{7DC63315-E103-4C49-BB75-93DDD303ADB5}"
EndProject
Project("{FAE04EC0-301F-11D3-BF4B-00C04F79EFBC}") = "BazaDannix", "BazaDannix\BazaDannix\BazaDannix.csproj", "{842FAEF0-C5BD-4879-A709-7E588CC65F74}"
EndProject
Global
	GlobalSection(SolutionConfigurationPlatforms) = preSolution
		Debug|Any CPU = Debug|Any CPU
		Release|Any CPU = Release|Any CPU
	EndGlobalSection
	GlobalSection(ProjectConfigurationPlatforms) = postSolution
		{7DC63315-E103-4C49-BB75-93DDD303ADB5}.Debug|Any CPU.ActiveCfg = Debug|Any CPU
		{7DC63315-E103-4C49-BB75-93DDD303ADB5}.Debug|Any CPU.Build.0 = Debug|Any CPU
		{7DC63315-E103-4C49-BB75-93DDD303ADB5}.Debug|Any CPU.Deploy.0 = Debug|Any CPU
		{7DC63315-E103-4C49-BB75-93DDD303ADB5}.Release|Any CPU.ActiveCfg = Release|Any CPU
		{7DC63315-E103-4C49-BB75-93DDD303ADB5}.Release|Any CPU.Build.0 = Release|Any CPU
		{7DC63315-E103-4C49-BB75-93DDD303ADB5}.Release|Any CPU.Deploy.0 = Release|Any CPU
		{842FAEF0-C5BD-4879-A709-7E588CC65F74}.Debug|Any CPU.ActiveCfg = Debug|Any CPU
		{842FAEF0-C5BD-4879-A709-7E588CC65F74}.Debug|Any CPU.Build.0 = Debug|Any CPU
		{842FAEF0-C5BD-4879-A709-7E588CC65F74}.Debug|Any CPU.Deploy.0 = Debug|Any CPU
		{842FAEF0-C5BD-4879-A709-7E588CC65F74}.Release|Any CPU.ActiveCfg = Release|Any CPU
		{842FAEF0-C5BD-4879-A709-7E588CC65F74}.Release|Any CPU.Build.0 = Release|Any CPU
		{842FAEF0-C5BD-4879-A709-7E588CC65F74}.Release|Any CPU.Deploy.0 = Release|Any CPU
	EndGlobalSection
	GlobalSection(SolutionProperties) = preSolution
		HideSolutionNode = FALSE
	EndGlobalSection
	GlobalSection(ExtensibilityGlobals) = postSolution
		SolutionGuid = {BB7AAC43-07AE-468E-9E6E-3359AD37EEDD}
	EndGlobalSection
EndGlobal
